
Microsoft Visual Studio Solution File, Format Version 12.00
# Visual Studio Version 17
VisualStudioVersion = 17.11.35208.52
MinimumVisualStudioVersion = 10.0.40219.1
Project("{FAE04EC0-301F-11D3-BF4B-00C04F79EFBC}") = "Gerador de Senhas V7", "Gerador de Senhas V7\Gerador de Senhas V7.csproj", "{01C73603-2A13-4405-9D78-7234B33DC45B}"
EndProject
Global
	GlobalSection(SolutionConfigurationPlatforms) = preSolution
		Debug|Any CPU = Debug|Any CPU
		Debug|x64 = Debug|x64
		Release|Any CPU = Release|Any CPU
		Release|x64 = Release|x64
	EndGlobalSection
	GlobalSection(ProjectConfigurationPlatforms) = postSolution
		{01C73603-2A13-4405-9D78-7234B33DC45B}.Debug|Any CPU.ActiveCfg = Debug|Any CPU
		{01C73603-2A13-4405-9D78-7234B33DC45B}.Debug|Any CPU.Build.0 = Debug|Any CPU
		{01C73603-2A13-4405-9D78-7234B33DC45B}.Debug|x64.ActiveCfg = Debug|x64
		{01C73603-2A13-4405-9D78-7234B33DC45B}.Debug|x64.Build.0 = Debug|x64
		{01C73603-2A13-4405-9D78-7234B33DC45B}.Release|Any CPU.ActiveCfg = Release|Any CPU
		{01C73603-2A13-4405-9D78-7234B33DC45B}.Release|Any CPU.Build.0 = Release|Any CPU
		{01C73603-2A13-4405-9D78-7234B33DC45B}.Release|x64.ActiveCfg = Release|x64
		{01C73603-2A13-4405-9D78-7234B33DC45B}.Release|x64.Build.0 = Release|x64
	EndGlobalSection
	GlobalSection(SolutionProperties) = preSolution
		HideSolutionNode = FALSE
	EndGlobalSection
	GlobalSection(ExtensibilityGlobals) = postSolution
		SolutionGuid = {4C571996-AC32-44B2-A988-3EFA6314ECAE}
	EndGlobalSection
EndGlobal
